// !$*UTF8*$!
{
	archiveVersion = 1;
	classes = {
	};
	objectVersion = 46;
	objects = {

/* Begin PBXBuildFile section */
		178478261D01643F00258414 /* TestCollectionVC1.swift in Sources */ = {isa = PBXBuildFile; fileRef = 178478251D01643F00258414 /* TestCollectionVC1.swift */; };
		178478291D0164B800258414 /* TestCollectionCell.swift in Sources */ = {isa = PBXBuildFile; fileRef = 178478271D0164B800258414 /* TestCollectionCell.swift */; };
		1784782A1D0164B800258414 /* TestCollectionCell.xib in Resources */ = {isa = PBXBuildFile; fileRef = 178478281D0164B800258414 /* TestCollectionCell.xib */; };
		17B094141D015671004D8C3B /* XCollectionView.swift in Sources */ = {isa = PBXBuildFile; fileRef = 17B094131D015671004D8C3B /* XCollectionView.swift */; };
		17B094171D015A30004D8C3B /* TestTableCell.swift in Sources */ = {isa = PBXBuildFile; fileRef = 17B094151D015A30004D8C3B /* TestTableCell.swift */; };
		17B094181D015A30004D8C3B /* TestTableCell.xib in Resources */ = {isa = PBXBuildFile; fileRef = 17B094161D015A30004D8C3B /* TestTableCell.xib */; };
		17B0941A1D015CCE004D8C3B /* TableTestVC1.swift in Sources */ = {isa = PBXBuildFile; fileRef = 17B094191D015CCE004D8C3B /* TableTestVC1.swift */; };
		17B0941C1D015FC5004D8C3B /* TestTableVC2.swift in Sources */ = {isa = PBXBuildFile; fileRef = 17B0941B1D015FC5004D8C3B /* TestTableVC2.swift */; };
		17B0941E1D016019004D8C3B /* TestTableCell1.swift in Sources */ = {isa = PBXBuildFile; fileRef = 17B0941D1D016019004D8C3B /* TestTableCell1.swift */; };
		17FCD6ED1D0137C7005DAD8E /* AppDelegate.swift in Sources */ = {isa = PBXBuildFile; fileRef = 17FCD6EC1D0137C7005DAD8E /* AppDelegate.swift */; };
		17FCD6EF1D0137C7005DAD8E /* ViewController.swift in Sources */ = {isa = PBXBuildFile; fileRef = 17FCD6EE1D0137C7005DAD8E /* ViewController.swift */; };
		17FCD6F21D0137C7005DAD8E /* Main.storyboard in Resources */ = {isa = PBXBuildFile; fileRef = 17FCD6F01D0137C7005DAD8E /* Main.storyboard */; };
		17FCD6F41D0137C7005DAD8E /* Assets.xcassets in Resources */ = {isa = PBXBuildFile; fileRef = 17FCD6F31D0137C7005DAD8E /* Assets.xcassets */; };
		17FCD6F71D0137C7005DAD8E /* LaunchScreen.storyboard in Resources */ = {isa = PBXBuildFile; fileRef = 17FCD6F51D0137C7005DAD8E /* LaunchScreen.storyboard */; };
		17FCD71B1D0137E9005DAD8E /* Reflect+ArcFile.swift in Sources */ = {isa = PBXBuildFile; fileRef = 17FCD7021D0137E9005DAD8E /* Reflect+ArcFile.swift */; };
		17FCD71C1D0137E9005DAD8E /* Reflect+Parse.swift in Sources */ = {isa = PBXBuildFile; fileRef = 17FCD7041D0137E9005DAD8E /* Reflect+Parse.swift */; };
		17FCD71D1D0137E9005DAD8E /* Reflect+Convert.swift in Sources */ = {isa = PBXBuildFile; fileRef = 17FCD7061D0137E9005DAD8E /* Reflect+Convert.swift */; };
		17FCD71E1D0137E9005DAD8E /* Reflect+Class.swift in Sources */ = {isa = PBXBuildFile; fileRef = 17FCD7081D0137E9005DAD8E /* Reflect+Class.swift */; };
		17FCD71F1D0137E9005DAD8E /* Reflect+Other.swift in Sources */ = {isa = PBXBuildFile; fileRef = 17FCD7091D0137E9005DAD8E /* Reflect+Other.swift */; };
		17FCD7201D0137E9005DAD8E /* Reflect+Property.swift in Sources */ = {isa = PBXBuildFile; fileRef = 17FCD70A1D0137E9005DAD8E /* Reflect+Property.swift */; };
		17FCD7211D0137E9005DAD8E /* Reflect+Type.swift in Sources */ = {isa = PBXBuildFile; fileRef = 17FCD70B1D0137E9005DAD8E /* Reflect+Type.swift */; };
		17FCD7221D0137E9005DAD8E /* Reflect.swift in Sources */ = {isa = PBXBuildFile; fileRef = 17FCD70C1D0137E9005DAD8E /* Reflect.swift */; };
		17FCD7231D0137E9005DAD8E /* SwiftyJSON.swift in Sources */ = {isa = PBXBuildFile; fileRef = 17FCD70E1D0137E9005DAD8E /* SwiftyJSON.swift */; };
		17FCD7241D0137E9005DAD8E /* Reach.swift in Sources */ = {isa = PBXBuildFile; fileRef = 17FCD70F1D0137E9005DAD8E /* Reach.swift */; };
		17FCD7251D0137E9005DAD8E /* XHttpPool.swift in Sources */ = {isa = PBXBuildFile; fileRef = 17FCD7101D0137E9005DAD8E /* XHttpPool.swift */; };
		17FCD7261D0137E9005DAD8E /* XHttpPoolHandle.swift in Sources */ = {isa = PBXBuildFile; fileRef = 17FCD7111D0137E9005DAD8E /* XHttpPoolHandle.swift */; };
		17FCD7271D0137E9005DAD8E /* XHttpRequest.swift in Sources */ = {isa = PBXBuildFile; fileRef = 17FCD7121D0137E9005DAD8E /* XHttpRequest.swift */; };
		17FCD7281D0137E9005DAD8E /* XFooterRefreshView.swift in Sources */ = {isa = PBXBuildFile; fileRef = 17FCD7141D0137E9005DAD8E /* XFooterRefreshView.swift */; };
		17FCD7291D0137E9005DAD8E /* XHeaderRefreshView.swift in Sources */ = {isa = PBXBuildFile; fileRef = 17FCD7151D0137E9005DAD8E /* XHeaderRefreshView.swift */; };
		17FCD72A1D0137E9005DAD8E /* XRefresh.swift in Sources */ = {isa = PBXBuildFile; fileRef = 17FCD7161D0137E9005DAD8E /* XRefresh.swift */; };
		17FCD72B1D0137E9005DAD8E /* XHttpHandle.swift in Sources */ = {isa = PBXBuildFile; fileRef = 17FCD7181D0137E9005DAD8E /* XHttpHandle.swift */; };
		17FCD72C1D0137E9005DAD8E /* XTableView.swift in Sources */ = {isa = PBXBuildFile; fileRef = 17FCD7191D0137E9005DAD8E /* XTableView.swift */; };
/* End PBXBuildFile section */

/* Begin PBXFileReference section */
		178478251D01643F00258414 /* TestCollectionVC1.swift */ = {isa = PBXFileReference; fileEncoding = 4; lastKnownFileType = sourcecode.swift; path = TestCollectionVC1.swift; sourceTree = "<group>"; };
		178478271D0164B800258414 /* TestCollectionCell.swift */ = {isa = PBXFileReference; fileEncoding = 4; lastKnownFileType = sourcecode.swift; path = TestCollectionCell.swift; sourceTree = "<group>"; };
		178478281D0164B800258414 /* TestCollectionCell.xib */ = {isa = PBXFileReference; fileEncoding = 4; lastKnownFileType = file.xib; path = TestCollectionCell.xib; sourceTree = "<group>"; };
		17B094131D015671004D8C3B /* XCollectionView.swift */ = {isa = PBXFileReference; fileEncoding = 4; lastKnownFileType = sourcecode.swift; path = XCollectionView.swift; sourceTree = "<group>"; };
		17B094151D015A30004D8C3B /* TestTableCell.swift */ = {isa = PBXFileReference; fileEncoding = 4; lastKnownFileType = sourcecode.swift; path = TestTableCell.swift; sourceTree = "<group>"; };
		17B094161D015A30004D8C3B /* TestTableCell.xib */ = {isa = PBXFileReference; fileEncoding = 4; lastKnownFileType = file.xib; path = TestTableCell.xib; sourceTree = "<group>"; };
		17B094191D015CCE004D8C3B /* TableTestVC1.swift */ = {isa = PBXFileReference; fileEncoding = 4; lastKnownFileType = sourcecode.swift; path = TableTestVC1.swift; sourceTree = "<group>"; };
		17B0941B1D015FC5004D8C3B /* TestTableVC2.swift */ = {isa = PBXFileReference; fileEncoding = 4; lastKnownFileType = sourcecode.swift; path = TestTableVC2.swift; sourceTree = "<group>"; };
		17B0941D1D016019004D8C3B /* TestTableCell1.swift */ = {isa = PBXFileReference; fileEncoding = 4; lastKnownFileType = sourcecode.swift; path = TestTableCell1.swift; sourceTree = "<group>"; };
		17FCD6E91D0137C7005DAD8E /* XEasyListView.app */ = {isa = PBXFileReference; explicitFileType = wrapper.application; includeInIndex = 0; path = XEasyListView.app; sourceTree = BUILT_PRODUCTS_DIR; };
		17FCD6EC1D0137C7005DAD8E /* AppDelegate.swift */ = {isa = PBXFileReference; lastKnownFileType = sourcecode.swift; path = AppDelegate.swift; sourceTree = "<group>"; };
		17FCD6EE1D0137C7005DAD8E /* ViewController.swift */ = {isa = PBXFileReference; lastKnownFileType = sourcecode.swift; path = ViewController.swift; sourceTree = "<group>"; };
		17FCD6F11D0137C7005DAD8E /* Base */ = {isa = PBXFileReference; lastKnownFileType = file.storyboard; name = Base; path = Base.lproj/Main.storyboard; sourceTree = "<group>"; };
		17FCD6F31D0137C7005DAD8E /* Assets.xcassets */ = {isa = PBXFileReference; lastKnownFileType = folder.assetcatalog; path = Assets.xcassets; sourceTree = "<group>"; };
		17FCD6F61D0137C7005DAD8E /* Base */ = {isa = PBXFileReference; lastKnownFileType = file.storyboard; name = Base; path = Base.lproj/LaunchScreen.storyboard; sourceTree = "<group>"; };
		17FCD6F81D0137C8005DAD8E /* Info.plist */ = {isa = PBXFileReference; lastKnownFileType = text.plist.xml; path = Info.plist; sourceTree = "<group>"; };
		17FCD7021D0137E9005DAD8E /* Reflect+ArcFile.swift */ = {isa = PBXFileReference; fileEncoding = 4; lastKnownFileType = sourcecode.swift; path = "Reflect+ArcFile.swift"; sourceTree = "<group>"; };
		17FCD7041D0137E9005DAD8E /* Reflect+Parse.swift */ = {isa = PBXFileReference; fileEncoding = 4; lastKnownFileType = sourcecode.swift; path = "Reflect+Parse.swift"; sourceTree = "<group>"; };
		17FCD7061D0137E9005DAD8E /* Reflect+Convert.swift */ = {isa = PBXFileReference; fileEncoding = 4; lastKnownFileType = sourcecode.swift; path = "Reflect+Convert.swift"; sourceTree = "<group>"; };
		17FCD7081D0137E9005DAD8E /* Reflect+Class.swift */ = {isa = PBXFileReference; fileEncoding = 4; lastKnownFileType = sourcecode.swift; path = "Reflect+Class.swift"; sourceTree = "<group>"; };
		17FCD7091D0137E9005DAD8E /* Reflect+Other.swift */ = {isa = PBXFileReference; fileEncoding = 4; lastKnownFileType = sourcecode.swift; path = "Reflect+Other.swift"; sourceTree = "<group>"; };
		17FCD70A1D0137E9005DAD8E /* Reflect+Property.swift */ = {isa = PBXFileReference; fileEncoding = 4; lastKnownFileType = sourcecode.swift; path = "Reflect+Property.swift"; sourceTree = "<group>"; };
		17FCD70B1D0137E9005DAD8E /* Reflect+Type.swift */ = {isa = PBXFileReference; fileEncoding = 4; lastKnownFileType = sourcecode.swift; path = "Reflect+Type.swift"; sourceTree = "<group>"; };
		17FCD70C1D0137E9005DAD8E /* Reflect.swift */ = {isa = PBXFileReference; fileEncoding = 4; lastKnownFileType = sourcecode.swift; path = Reflect.swift; sourceTree = "<group>"; };
		17FCD70D1D0137E9005DAD8E /* SwiftyJSON.h */ = {isa = PBXFileReference; fileEncoding = 4; lastKnownFileType = sourcecode.c.h; path = SwiftyJSON.h; sourceTree = "<group>"; };
		17FCD70E1D0137E9005DAD8E /* SwiftyJSON.swift */ = {isa = PBXFileReference; fileEncoding = 4; lastKnownFileType = sourcecode.swift; path = SwiftyJSON.swift; sourceTree = "<group>"; };
		17FCD70F1D0137E9005DAD8E /* Reach.swift */ = {isa = PBXFileReference; fileEncoding = 4; lastKnownFileType = sourcecode.swift; path = Reach.swift; sourceTree = "<group>"; };
		17FCD7101D0137E9005DAD8E /* XHttpPool.swift */ = {isa = PBXFileReference; fileEncoding = 4; lastKnownFileType = sourcecode.swift; path = XHttpPool.swift; sourceTree = "<group>"; };
		17FCD7111D0137E9005DAD8E /* XHttpPoolHandle.swift */ = {isa = PBXFileReference; fileEncoding = 4; lastKnownFileType = sourcecode.swift; path = XHttpPoolHandle.swift; sourceTree = "<group>"; };
		17FCD7121D0137E9005DAD8E /* XHttpRequest.swift */ = {isa = PBXFileReference; fileEncoding = 4; lastKnownFileType = sourcecode.swift; path = XHttpRequest.swift; sourceTree = "<group>"; };
		17FCD7141D0137E9005DAD8E /* XFooterRefreshView.swift */ = {isa = PBXFileReference; fileEncoding = 4; lastKnownFileType = sourcecode.swift; path = XFooterRefreshView.swift; sourceTree = "<group>"; };
		17FCD7151D0137E9005DAD8E /* XHeaderRefreshView.swift */ = {isa = PBXFileReference; fileEncoding = 4; lastKnownFileType = sourcecode.swift; path = XHeaderRefreshView.swift; sourceTree = "<group>"; };
		17FCD7161D0137E9005DAD8E /* XRefresh.swift */ = {isa = PBXFileReference; fileEncoding = 4; lastKnownFileType = sourcecode.swift; path = XRefresh.swift; sourceTree = "<group>"; };
		17FCD7181D0137E9005DAD8E /* XHttpHandle.swift */ = {isa = PBXFileReference; fileEncoding = 4; lastKnownFileType = sourcecode.swift; path = XHttpHandle.swift; sourceTree = "<group>"; };
		17FCD7191D0137E9005DAD8E /* XTableView.swift */ = {isa = PBXFileReference; fileEncoding = 4; lastKnownFileType = sourcecode.swift; path = XTableView.swift; sourceTree = "<group>"; };
/* End PBXFileReference section */

/* Begin PBXFrameworksBuildPhase section */
		17FCD6E61D0137C7005DAD8E /* Frameworks */ = {
			isa = PBXFrameworksBuildPhase;
			buildActionMask = 2147483647;
			files = (
			);
			runOnlyForDeploymentPostprocessing = 0;
		};
/* End PBXFrameworksBuildPhase section */

/* Begin PBXGroup section */
		17FCD6E01D0137C7005DAD8E = {
			isa = PBXGroup;
			children = (
				17FCD6EB1D0137C7005DAD8E /* XEasyListView */,
				17FCD6EA1D0137C7005DAD8E /* Products */,
			);
			sourceTree = "<group>";
		};
		17FCD6EA1D0137C7005DAD8E /* Products */ = {
			isa = PBXGroup;
			children = (
				17FCD6E91D0137C7005DAD8E /* XEasyListView.app */,
			);
			name = Products;
			sourceTree = "<group>";
		};
		17FCD6EB1D0137C7005DAD8E /* XEasyListView */ = {
			isa = PBXGroup;
			children = (
				17FCD6FE1D0137E9005DAD8E /* HTTP */,
				17FCD7131D0137E9005DAD8E /* XRefresh */,
				17FCD7171D0137E9005DAD8E /* XTableView */,
				17FCD6EC1D0137C7005DAD8E /* AppDelegate.swift */,
				17B094151D015A30004D8C3B /* TestTableCell.swift */,
				17B094161D015A30004D8C3B /* TestTableCell.xib */,
				17B0941D1D016019004D8C3B /* TestTableCell1.swift */,
				178478271D0164B800258414 /* TestCollectionCell.swift */,
				178478281D0164B800258414 /* TestCollectionCell.xib */,
				17FCD6EE1D0137C7005DAD8E /* ViewController.swift */,
				17B094191D015CCE004D8C3B /* TableTestVC1.swift */,
				17B0941B1D015FC5004D8C3B /* TestTableVC2.swift */,
				178478251D01643F00258414 /* TestCollectionVC1.swift */,
				17FCD6F01D0137C7005DAD8E /* Main.storyboard */,
				17FCD6F31D0137C7005DAD8E /* Assets.xcassets */,
				17FCD6F51D0137C7005DAD8E /* LaunchScreen.storyboard */,
				17FCD6F81D0137C8005DAD8E /* Info.plist */,
			);
			path = XEasyListView;
			sourceTree = "<group>";
		};
		17FCD6FE1D0137E9005DAD8E /* HTTP */ = {
			isa = PBXGroup;
			children = (
				17FCD6FF1D0137E9005DAD8E /* JSON */,
				17FCD70F1D0137E9005DAD8E /* Reach.swift */,
				17FCD7101D0137E9005DAD8E /* XHttpPool.swift */,
				17FCD7111D0137E9005DAD8E /* XHttpPoolHandle.swift */,
				17FCD7121D0137E9005DAD8E /* XHttpRequest.swift */,
			);
			path = HTTP;
			sourceTree = "<group>";
		};
		17FCD6FF1D0137E9005DAD8E /* JSON */ = {
			isa = PBXGroup;
			children = (
				17FCD7001D0137E9005DAD8E /* Reflect */,
				17FCD70D1D0137E9005DAD8E /* SwiftyJSON.h */,
				17FCD70E1D0137E9005DAD8E /* SwiftyJSON.swift */,
			);
			path = JSON;
			sourceTree = "<group>";
		};
		17FCD7001D0137E9005DAD8E /* Reflect */ = {
			isa = PBXGroup;
			children = (
				17FCD7011D0137E9005DAD8E /* Coding */,
				17FCD7031D0137E9005DAD8E /* Dict2Model */,
				17FCD7051D0137E9005DAD8E /* Model2Dict */,
				17FCD7071D0137E9005DAD8E /* Reflect */,
				17FCD70C1D0137E9005DAD8E /* Reflect.swift */,
			);
			path = Reflect;
			sourceTree = "<group>";
		};
		17FCD7011D0137E9005DAD8E /* Coding */ = {
			isa = PBXGroup;
			children = (
				17FCD7021D0137E9005DAD8E /* Reflect+ArcFile.swift */,
			);
			path = Coding;
			sourceTree = "<group>";
		};
		17FCD7031D0137E9005DAD8E /* Dict2Model */ = {
			isa = PBXGroup;
			children = (
				17FCD7041D0137E9005DAD8E /* Reflect+Parse.swift */,
			);
			path = Dict2Model;
			sourceTree = "<group>";
		};
		17FCD7051D0137E9005DAD8E /* Model2Dict */ = {
			isa = PBXGroup;
			children = (
				17FCD7061D0137E9005DAD8E /* Reflect+Convert.swift */,
			);
			path = Model2Dict;
			sourceTree = "<group>";
		};
		17FCD7071D0137E9005DAD8E /* Reflect */ = {
			isa = PBXGroup;
			children = (
				17FCD7081D0137E9005DAD8E /* Reflect+Class.swift */,
				17FCD7091D0137E9005DAD8E /* Reflect+Other.swift */,
				17FCD70A1D0137E9005DAD8E /* Reflect+Property.swift */,
				17FCD70B1D0137E9005DAD8E /* Reflect+Type.swift */,
			);
			path = Reflect;
			sourceTree = "<group>";
		};
		17FCD7131D0137E9005DAD8E /* XRefresh */ = {
			isa = PBXGroup;
			children = (
				17FCD7141D0137E9005DAD8E /* XFooterRefreshView.swift */,
				17FCD7151D0137E9005DAD8E /* XHeaderRefreshView.swift */,
				17FCD7161D0137E9005DAD8E /* XRefresh.swift */,
			);
			path = XRefresh;
			sourceTree = "<group>";
		};
		17FCD7171D0137E9005DAD8E /* XTableView */ = {
			isa = PBXGroup;
			children = (
				17FCD7181D0137E9005DAD8E /* XHttpHandle.swift */,
				17FCD7191D0137E9005DAD8E /* XTableView.swift */,
				17B094131D015671004D8C3B /* XCollectionView.swift */,
			);
			path = XTableView;
			sourceTree = "<group>";
		};
/* End PBXGroup section */

/* Begin PBXNativeTarget section */
		17FCD6E81D0137C7005DAD8E /* XEasyListView */ = {
			isa = PBXNativeTarget;
			buildConfigurationList = 17FCD6FB1D0137C8005DAD8E /* Build configuration list for PBXNativeTarget "XEasyListView" */;
			buildPhases = (
				17FCD6E51D0137C7005DAD8E /* Sources */,
				17FCD6E61D0137C7005DAD8E /* Frameworks */,
				17FCD6E71D0137C7005DAD8E /* Resources */,
			);
			buildRules = (
			);
			dependencies = (
			);
			name = XEasyListView;
			productName = XEasyListView;
			productReference = 17FCD6E91D0137C7005DAD8E /* XEasyListView.app */;
			productType = "com.apple.product-type.application";
		};
/* End PBXNativeTarget section */

/* Begin PBXProject section */
		17FCD6E11D0137C7005DAD8E /* Project object */ = {
			isa = PBXProject;
			attributes = {
				LastSwiftUpdateCheck = 0730;
				LastUpgradeCheck = 0730;
				ORGANIZATIONNAME = XEasyListView;
				TargetAttributes = {
					17FCD6E81D0137C7005DAD8E = {
						CreatedOnToolsVersion = 7.3.1;
					};
				};
			};
			buildConfigurationList = 17FCD6E41D0137C7005DAD8E /* Build configuration list for PBXProject "XEasyListView" */;
			compatibilityVersion = "Xcode 3.2";
			developmentRegion = English;
			hasScannedForEncodings = 0;
			knownRegions = (
				en,
				Base,
			);
			mainGroup = 17FCD6E01D0137C7005DAD8E;
			productRefGroup = 17FCD6EA1D0137C7005DAD8E /* Products */;
			projectDirPath = "";
			projectRoot = "";
			targets = (
				17FCD6E81D0137C7005DAD8E /* XEasyListView */,
			);
		};
/* End PBXProject section */

/* Begin PBXResourcesBuildPhase section */
		17FCD6E71D0137C7005DAD8E /* Resources */ = {
			isa = PBXResourcesBuildPhase;
			buildActionMask = 2147483647;
			files = (
				1784782A1D0164B800258414 /* TestCollectionCell.xib in Resources */,
				17FCD6F71D0137C7005DAD8E /* LaunchScreen.storyboard in Resources */,
				17FCD6F41D0137C7005DAD8E /* Assets.xcassets in Resources */,
				17B094181D015A30004D8C3B /* TestTableCell.xib in Resources */,
				17FCD6F21D0137C7005DAD8E /* Main.storyboard in Resources */,
			);
			runOnlyForDeploymentPostprocessing = 0;
		};
/* End PBXResourcesBuildPhase section */

/* Begin PBXSourcesBuildPhase section */
		17FCD6E51D0137C7005DAD8E /* Sources */ = {
			isa = PBXSourcesBuildPhase;
			buildActionMask = 2147483647;
			files = (
				17B0941C1D015FC5004D8C3B /* TestTableVC2.swift in Sources */,
				17FCD7261D0137E9005DAD8E /* XHttpPoolHandle.swift in Sources */,
				17B0941A1D015CCE004D8C3B /* TableTestVC1.swift in Sources */,
				178478291D0164B800258414 /* TestCollectionCell.swift in Sources */,
				17FCD6EF1D0137C7005DAD8E /* ViewController.swift in Sources */,
				17B094171D015A30004D8C3B /* TestTableCell.swift in Sources */,
				17FCD7251D0137E9005DAD8E /* XHttpPool.swift in Sources */,
				17FCD7271D0137E9005DAD8E /* XHttpRequest.swift in Sources */,
				17FCD7281D0137E9005DAD8E /* XFooterRefreshView.swift in Sources */,
				17FCD7241D0137E9005DAD8E /* Reach.swift in Sources */,
				17B0941E1D016019004D8C3B /* TestTableCell1.swift in Sources */,
				17FCD72B1D0137E9005DAD8E /* XHttpHandle.swift in Sources */,
				17FCD7221D0137E9005DAD8E /* Reflect.swift in Sources */,
				17FCD71C1D0137E9005DAD8E /* Reflect+Parse.swift in Sources */,
				17FCD7231D0137E9005DAD8E /* SwiftyJSON.swift in Sources */,
				17FCD72C1D0137E9005DAD8E /* XTableView.swift in Sources */,
				17FCD7291D0137E9005DAD8E /* XHeaderRefreshView.swift in Sources */,
				178478261D01643F00258414 /* TestCollectionVC1.swift in Sources */,
				17FCD71D1D0137E9005DAD8E /* Reflect+Convert.swift in Sources */,
				17FCD71F1D0137E9005DAD8E /* Reflect+Other.swift in Sources */,
				17FCD71B1D0137E9005DAD8E /* Reflect+ArcFile.swift in Sources */,
				17FCD7211D0137E9005DAD8E /* Reflect+Type.swift in Sources */,
				17B094141D015671004D8C3B /* XCollectionView.swift in Sources */,
				17FCD72A1D0137E9005DAD8E /* XRefresh.swift in Sources */,
				17FCD71E1D0137E9005DAD8E /* Reflect+Class.swift in Sources */,
				17FCD7201D0137E9005DAD8E /* Reflect+Property.swift in Sources */,
				17FCD6ED1D0137C7005DAD8E /* AppDelegate.swift in Sources */,
			);
			runOnlyForDeploymentPostprocessing = 0;
		};
/* End PBXSourcesBuildPhase section */

/* Begin PBXVariantGroup section */
		17FCD6F01D0137C7005DAD8E /* Main.storyboard */ = {
			isa = PBXVariantGroup;
			children = (
				17FCD6F11D0137C7005DAD8E /* Base */,
			);
			name = Main.storyboard;
			sourceTree = "<group>";
		};
		17FCD6F51D0137C7005DAD8E /* LaunchScreen.storyboard */ = {
			isa = PBXVariantGroup;
			children = (
				17FCD6F61D0137C7005DAD8E /* Base */,
			);
			name = LaunchScreen.storyboard;
			sourceTree = "<group>";
		};
/* End PBXVariantGroup section */

/* Begin XCBuildConfiguration section */
		17FCD6F91D0137C8005DAD8E /* Debug */ = {
			isa = XCBuildConfiguration;
			buildSettings = {
				ALWAYS_SEARCH_USER_PATHS = NO;
				CLANG_ANALYZER_NONNULL = YES;
				CLANG_CXX_LANGUAGE_STANDARD = "gnu++0x";
				CLANG_CXX_LIBRARY = "libc++";
				CLANG_ENABLE_MODULES = YES;
				CLANG_ENABLE_OBJC_ARC = YES;
				CLANG_WARN_BOOL_CONVERSION = YES;
				CLANG_WARN_CONSTANT_CONVERSION = YES;
				CLANG_WARN_DIRECT_OBJC_ISA_USAGE = YES_ERROR;
				CLANG_WARN_EMPTY_BODY = YES;
				CLANG_WARN_ENUM_CONVERSION = YES;
				CLANG_WARN_INT_CONVERSION = YES;
				CLANG_WARN_OBJC_ROOT_CLASS = YES_ERROR;
				CLANG_WARN_UNREACHABLE_CODE = YES;
				CLANG_WARN__DUPLICATE_METHOD_MATCH = YES;
				"CODE_SIGN_IDENTITY[sdk=iphoneos*]" = "iPhone Developer";
				COPY_PHASE_STRIP = NO;
				DEBUG_INFORMATION_FORMAT = dwarf;
				ENABLE_STRICT_OBJC_MSGSEND = YES;
				ENABLE_TESTABILITY = YES;
				GCC_C_LANGUAGE_STANDARD = gnu99;
				GCC_DYNAMIC_NO_PIC = NO;
				GCC_NO_COMMON_BLOCKS = YES;
				GCC_OPTIMIZATION_LEVEL = 0;
				GCC_PREPROCESSOR_DEFINITIONS = (
					"DEBUG=1",
					"$(inherited)",
				);
				GCC_WARN_64_TO_32_BIT_CONVERSION = YES;
				GCC_WARN_ABOUT_RETURN_TYPE = YES_ERROR;
				GCC_WARN_UNDECLARED_SELECTOR = YES;
				GCC_WARN_UNINITIALIZED_AUTOS = YES_AGGRESSIVE;
				GCC_WARN_UNUSED_FUNCTION = YES;
				GCC_WARN_UNUSED_VARIABLE = YES;
				IPHONEOS_DEPLOYMENT_TARGET = 9.3;
				MTL_ENABLE_DEBUG_INFO = YES;
				ONLY_ACTIVE_ARCH = YES;
				SDKROOT = iphoneos;
				SWIFT_OPTIMIZATION_LEVEL = "-Onone";
				TARGETED_DEVICE_FAMILY = "1,2";
			};
			name = Debug;
		};
		17FCD6FA1D0137C8005DAD8E /* Release */ = {
			isa = XCBuildConfiguration;
			buildSettings = {
				ALWAYS_SEARCH_USER_PATHS = NO;
				CLANG_ANALYZER_NONNULL = YES;
				CLANG_CXX_LANGUAGE_STANDARD = "gnu++0x";
				CLANG_CXX_LIBRARY = "libc++";
				CLANG_ENABLE_MODULES = YES;
				CLANG_ENABLE_OBJC_ARC = YES;
				CLANG_WARN_BOOL_CONVERSION = YES;
				CLANG_WARN_CONSTANT_CONVERSION = YES;
				CLANG_WARN_DIRECT_OBJC_ISA_USAGE = YES_ERROR;
				CLANG_WARN_EMPTY_BODY = YES;
				CLANG_WARN_ENUM_CONVERSION = YES;
				CLANG_WARN_INT_CONVERSION = YES;
				CLANG_WARN_OBJC_ROOT_CLASS = YES_ERROR;
				CLANG_WARN_UNREACHABLE_CODE = YES;
				CLANG_WARN__DUPLICATE_METHOD_MATCH = YES;
				"CODE_SIGN_IDENTITY[sdk=iphoneos*]" = "iPhone Developer";
				COPY_PHASE_STRIP = NO;
				DEBUG_INFORMATION_FORMAT = "dwarf-with-dsym";
				ENABLE_NS_ASSERTIONS = NO;
				ENABLE_STRICT_OBJC_MSGSEND = YES;
				GCC_C_LANGUAGE_STANDARD = gnu99;
				GCC_NO_COMMON_BLOCKS = YES;
				GCC_WARN_64_TO_32_BIT_CONVERSION = YES;
				GCC_WARN_ABOUT_RETURN_TYPE = YES_ERROR;
				GCC_WARN_UNDECLARED_SELECTOR = YES;
				GCC_WARN_UNINITIALIZED_AUTOS = YES_AGGRESSIVE;
				GCC_WARN_UNUSED_FUNCTION = YES;
				GCC_WARN_UNUSED_VARIABLE = YES;
				IPHONEOS_DEPLOYMENT_TARGET = 9.3;
				MTL_ENABLE_DEBUG_INFO = NO;
				SDKROOT = iphoneos;
				TARGETED_DEVICE_FAMILY = "1,2";
				VALIDATE_PRODUCT = YES;
			};
			name = Release;
		};
		17FCD6FC1D0137C8005DAD8E /* Debug */ = {
			isa = XCBuildConfiguration;
			buildSettings = {
				ASSETCATALOG_COMPILER_APPICON_NAME = AppIcon;
				INFOPLIST_FILE = XEasyListView/Info.plist;
				IPHONEOS_DEPLOYMENT_TARGET = 7.0;
				LD_RUNPATH_SEARCH_PATHS = "$(inherited) @executable_path/Frameworks";
				PRODUCT_BUNDLE_IDENTIFIER = com.X.XEasyListView;
				PRODUCT_NAME = "$(TARGET_NAME)";
			};
			name = Debug;
		};
		17FCD6FD1D0137C8005DAD8E /* Release */ = {
			isa = XCBuildConfiguration;
			buildSettings = {
				ASSETCATALOG_COMPILER_APPICON_NAME = AppIcon;
				INFOPLIST_FILE = XEasyListView/Info.plist;
				IPHONEOS_DEPLOYMENT_TARGET = 7.0;
				LD_RUNPATH_SEARCH_PATHS = "$(inherited) @executable_path/Frameworks";
				PRODUCT_BUNDLE_IDENTIFIER = com.X.XEasyListView;
				PRODUCT_NAME = "$(TARGET_NAME)";
			};
			name = Release;
		};
/* End XCBuildConfiguration section */

/* Begin XCConfigurationList section */
		17FCD6E41D0137C7005DAD8E /* Build configuration list for PBXProject "XEasyListView" */ = {
			isa = XCConfigurationList;
			buildConfigurations = (
				17FCD6F91D0137C8005DAD8E /* Debug */,
				17FCD6FA1D0137C8005DAD8E /* Release */,
			);
			defaultConfigurationIsVisible = 0;
			defaultConfigurationName = Release;
		};
		17FCD6FB1D0137C8005DAD8E /* Build configuration list for PBXNativeTarget "XEasyListView" */ = {
			isa = XCConfigurationList;
			buildConfigurations = (
				17FCD6FC1D0137C8005DAD8E /* Debug */,
				17FCD6FD1D0137C8005DAD8E /* Release */,
			);
			defaultConfigurationIsVisible = 0;
			defaultConfigurationName = Release;
		};
/* End XCConfigurationList section */
	};
	rootObject = 17FCD6E11D0137C7005DAD8E /* Project object */;
}
